
Microsoft Visual Studio Solution File, Format Version 12.00
# Visual Studio Version 17
VisualStudioVersion = 17.2.32516.85
MinimumVisualStudioVersion = 10.0.40219.1
Project("{9A19103F-16F7-4668-BE54-9A1E7A4F7556}") = "OnTen.Common", "OnTen.Common\OnTen.Common.csproj", "{C2D93C60-165A-4C1F-8526-8CCFF56508BB}"
EndProject
Project("{9A19103F-16F7-4668-BE54-9A1E7A4F7556}") = "OnTen.Web", "OnTen.Web\OnTen.Web.csproj", "{7DC7EBF7-B680-4CDC-B992-B8E4EA1D778C}"
EndProject
Project("{9A19103F-16F7-4668-BE54-9A1E7A4F7556}") = "OnTen.Prism", "OnTen.Prism\OnTen.Prism\OnTen.Prism.csproj", "{EA13D33D-984D-4922-AB3D-F1D759576608}"
EndProject
Project("{FAE04EC0-301F-11D3-BF4B-00C04F79EFBC}") = "OnTen.Prism.Android", "OnTen.Prism\OnTen.Prism.Android\OnTen.Prism.Android.csproj", "{20321374-67F2-4ACC-B751-22301E8BE0FB}"
EndProject
Project("{FAE04EC0-301F-11D3-BF4B-00C04F79EFBC}") = "OnTen.Prism.iOS", "OnTen.Prism\OnTen.Prism.iOS\OnTen.Prism.iOS.csproj", "{6BBF38F0-8ACF-4459-B604-6965B88D97F0}"
EndProject
Global
	GlobalSection(SolutionConfigurationPlatforms) = preSolution
		Ad-Hoc|Any CPU = Ad-Hoc|Any CPU
		Ad-Hoc|iPhone = Ad-Hoc|iPhone
		Ad-Hoc|iPhoneSimulator = Ad-Hoc|iPhoneSimulator
		AppStore|Any CPU = AppStore|Any CPU
		AppStore|iPhone = AppStore|iPhone
		AppStore|iPhoneSimulator = AppStore|iPhoneSimulator
		Debug|Any CPU = Debug|Any CPU
		Debug|iPhone = Debug|iPhone
		Debug|iPhoneSimulator = Debug|iPhoneSimulator
		Release|Any CPU = Release|Any CPU
		Release|iPhone = Release|iPhone
		Release|iPhoneSimulator = Release|iPhoneSimulator
	EndGlobalSection
	GlobalSection(ProjectConfigurationPlatforms) = postSolution
		{C2D93C60-165A-4C1F-8526-8CCFF56508BB}.Ad-Hoc|Any CPU.ActiveCfg = Release|Any CPU
		{C2D93C60-165A-4C1F-8526-8CCFF56508BB}.Ad-Hoc|Any CPU.Build.0 = Release|Any CPU
		{C2D93C60-165A-4C1F-8526-8CCFF56508BB}.Ad-Hoc|iPhone.ActiveCfg = Release|Any CPU
		{C2D93C60-165A-4C1F-8526-8CCFF56508BB}.Ad-Hoc|iPhone.Build.0 = Release|Any CPU
		{C2D93C60-165A-4C1F-8526-8CCFF56508BB}.Ad-Hoc|iPhoneSimulator.ActiveCfg = Release|Any CPU
		{C2D93C60-165A-4C1F-8526-8CCFF56508BB}.Ad-Hoc|iPhoneSimulator.Build.0 = Release|Any CPU
		{C2D93C60-165A-4C1F-8526-8CCFF56508BB}.AppStore|Any CPU.ActiveCfg = Release|Any CPU
		{C2D93C60-165A-4C1F-8526-8CCFF56508BB}.AppStore|Any CPU.Build.0 = Release|Any CPU
		{C2D93C60-165A-4C1F-8526-8CCFF56508BB}.AppStore|iPhone.ActiveCfg = Release|Any CPU
		{C2D93C60-165A-4C1F-8526-8CCFF56508BB}.AppStore|iPhone.Build.0 = Release|Any CPU
		{C2D93C60-165A-4C1F-8526-8CCFF56508BB}.AppStore|iPhoneSimulator.ActiveCfg = Release|Any CPU
		{C2D93C60-165A-4C1F-8526-8CCFF56508BB}.AppStore|iPhoneSimulator.Build.0 = Release|Any CPU
		{C2D93C60-165A-4C1F-8526-8CCFF56508BB}.Debug|Any CPU.ActiveCfg = Debug|Any CPU
		{C2D93C60-165A-4C1F-8526-8CCFF56508BB}.Debug|Any CPU.Build.0 = Debug|Any CPU
		{C2D93C60-165A-4C1F-8526-8CCFF56508BB}.Debug|iPhone.ActiveCfg = Debug|Any CPU
		{C2D93C60-165A-4C1F-8526-8CCFF56508BB}.Debug|iPhone.Build.0 = Debug|Any CPU
		{C2D93C60-165A-4C1F-8526-8CCFF56508BB}.Debug|iPhoneSimulator.ActiveCfg = Debug|Any CPU
		{C2D93C60-165A-4C1F-8526-8CCFF56508BB}.Debug|iPhoneSimulator.Build.0 = Debug|Any CPU
		{C2D93C60-165A-4C1F-8526-8CCFF56508BB}.Release|Any CPU.ActiveCfg = Release|Any CPU
		{C2D93C60-165A-4C1F-8526-8CCFF56508BB}.Release|Any CPU.Build.0 = Release|Any CPU
		{C2D93C60-165A-4C1F-8526-8CCFF56508BB}.Release|iPhone.ActiveCfg = Release|Any CPU
		{C2D93C60-165A-4C1F-8526-8CCFF56508BB}.Release|iPhone.Build.0 = Release|Any CPU
		{C2D93C60-165A-4C1F-8526-8CCFF56508BB}.Release|iPhoneSimulator.ActiveCfg = Release|Any CPU
		{C2D93C60-165A-4C1F-8526-8CCFF56508BB}.Release|iPhoneSimulator.Build.0 = Release|Any CPU
		{7DC7EBF7-B680-4CDC-B992-B8E4EA1D778C}.Ad-Hoc|Any CPU.ActiveCfg = Release|Any CPU
		{7DC7EBF7-B680-4CDC-B992-B8E4EA1D778C}.Ad-Hoc|Any CPU.Build.0 = Release|Any CPU
		{7DC7EBF7-B680-4CDC-B992-B8E4EA1D778C}.Ad-Hoc|iPhone.ActiveCfg = Release|Any CPU
		{7DC7EBF7-B680-4CDC-B992-B8E4EA1D778C}.Ad-Hoc|iPhone.Build.0 = Release|Any CPU
		{7DC7EBF7-B680-4CDC-B992-B8E4EA1D778C}.Ad-Hoc|iPhoneSimulator.ActiveCfg = Release|Any CPU
		{7DC7EBF7-B680-4CDC-B992-B8E4EA1D778C}.Ad-Hoc|iPhoneSimulator.Build.0 = Release|Any CPU
		{7DC7EBF7-B680-4CDC-B992-B8E4EA1D778C}.AppStore|Any CPU.ActiveCfg = Release|Any CPU
		{7DC7EBF7-B680-4CDC-B992-B8E4EA1D778C}.AppStore|Any CPU.Build.0 = Release|Any CPU
		{7DC7EBF7-B680-4CDC-B992-B8E4EA1D778C}.AppStore|iPhone.ActiveCfg = Release|Any CPU
		{7DC7EBF7-B680-4CDC-B992-B8E4EA1D778C}.AppStore|iPhone.Build.0 = Release|Any CPU
		{7DC7EBF7-B680-4CDC-B992-B8E4EA1D778C}.AppStore|iPhoneSimulator.ActiveCfg = Release|Any CPU
		{7DC7EBF7-B680-4CDC-B992-B8E4EA1D778C}.AppStore|iPhoneSimulator.Build.0 = Release|Any CPU
		{7DC7EBF7-B680-4CDC-B992-B8E4EA1D778C}.Debug|Any CPU.ActiveCfg = Debug|Any CPU
		{7DC7EBF7-B680-4CDC-B992-B8E4EA1D778C}.Debug|Any CPU.Build.0 = Debug|Any CPU
		{7DC7EBF7-B680-4CDC-B992-B8E4EA1D778C}.Debug|iPhone.ActiveCfg = Debug|Any CPU
		{7DC7EBF7-B680-4CDC-B992-B8E4EA1D778C}.Debug|iPhone.Build.0 = Debug|Any CPU
		{7DC7EBF7-B680-4CDC-B992-B8E4EA1D778C}.Debug|iPhoneSimulator.ActiveCfg = Debug|Any CPU
		{7DC7EBF7-B680-4CDC-B992-B8E4EA1D778C}.Debug|iPhoneSimulator.Build.0 = Debug|Any CPU
		{7DC7EBF7-B680-4CDC-B992-B8E4EA1D778C}.Release|Any CPU.ActiveCfg = Release|Any CPU
		{7DC7EBF7-B680-4CDC-B992-B8E4EA1D778C}.Release|Any CPU.Build.0 = Release|Any CPU
		{7DC7EBF7-B680-4CDC-B992-B8E4EA1D778C}.Release|iPhone.ActiveCfg = Release|Any CPU
		{7DC7EBF7-B680-4CDC-B992-B8E4EA1D778C}.Release|iPhone.Build.0 = Release|Any CPU
		{7DC7EBF7-B680-4CDC-B992-B8E4EA1D778C}.Release|iPhoneSimulator.ActiveCfg = Release|Any CPU
		{7DC7EBF7-B680-4CDC-B992-B8E4EA1D778C}.Release|iPhoneSimulator.Build.0 = Release|Any CPU
		{EA13D33D-984D-4922-AB3D-F1D759576608}.Ad-Hoc|Any CPU.ActiveCfg = Debug|Any CPU
		{EA13D33D-984D-4922-AB3D-F1D759576608}.Ad-Hoc|Any CPU.Build.0 = Debug|Any CPU
		{EA13D33D-984D-4922-AB3D-F1D759576608}.Ad-Hoc|iPhone.ActiveCfg = Debug|Any CPU
		{EA13D33D-984D-4922-AB3D-F1D759576608}.Ad-Hoc|iPhone.Build.0 = Debug|Any CPU
		{EA13D33D-984D-4922-AB3D-F1D759576608}.Ad-Hoc|iPhoneSimulator.ActiveCfg = Debug|Any CPU
		{EA13D33D-984D-4922-AB3D-F1D759576608}.Ad-Hoc|iPhoneSimulator.Build.0 = Debug|Any CPU
		{EA13D33D-984D-4922-AB3D-F1D759576608}.AppStore|Any CPU.ActiveCfg = Debug|Any CPU
		{EA13D33D-984D-4922-AB3D-F1D759576608}.AppStore|Any CPU.Build.0 = Debug|Any CPU
		{EA13D33D-984D-4922-AB3D-F1D759576608}.AppStore|iPhone.ActiveCfg = Debug|Any CPU
		{EA13D33D-984D-4922-AB3D-F1D759576608}.AppStore|iPhone.Build.0 = Debug|Any CPU
		{EA13D33D-984D-4922-AB3D-F1D759576608}.AppStore|iPhoneSimulator.ActiveCfg = Debug|Any CPU
		{EA13D33D-984D-4922-AB3D-F1D759576608}.AppStore|iPhoneSimulator.Build.0 = Debug|Any CPU
		{EA13D33D-984D-4922-AB3D-F1D759576608}.Debug|Any CPU.ActiveCfg = Debug|Any CPU
		{EA13D33D-984D-4922-AB3D-F1D759576608}.Debug|Any CPU.Build.0 = Debug|Any CPU
		{EA13D33D-984D-4922-AB3D-F1D759576608}.Debug|iPhone.ActiveCfg = Debug|Any CPU
		{EA13D33D-984D-4922-AB3D-F1D759576608}.Debug|iPhone.Build.0 = Debug|Any CPU
		{EA13D33D-984D-4922-AB3D-F1D759576608}.Debug|iPhoneSimulator.ActiveCfg = Debug|Any CPU
		{EA13D33D-984D-4922-AB3D-F1D759576608}.Debug|iPhoneSimulator.Build.0 = Debug|Any CPU
		{EA13D33D-984D-4922-AB3D-F1D759576608}.Release|Any CPU.ActiveCfg = Release|Any CPU
		{EA13D33D-984D-4922-AB3D-F1D759576608}.Release|Any CPU.Build.0 = Release|Any CPU
		{EA13D33D-984D-4922-AB3D-F1D759576608}.Release|iPhone.ActiveCfg = Release|Any CPU
		{EA13D33D-984D-4922-AB3D-F1D759576608}.Release|iPhone.Build.0 = Release|Any CPU
		{EA13D33D-984D-4922-AB3D-F1D759576608}.Release|iPhoneSimulator.ActiveCfg = Release|Any CPU
		{EA13D33D-984D-4922-AB3D-F1D759576608}.Release|iPhoneSimulator.Build.0 = Release|Any CPU
		{20321374-67F2-4ACC-B751-22301E8BE0FB}.Ad-Hoc|Any CPU.ActiveCfg = Debug|Any CPU
		{20321374-67F2-4ACC-B751-22301E8BE0FB}.Ad-Hoc|Any CPU.Build.0 = Debug|Any CPU
		{20321374-67F2-4ACC-B751-22301E8BE0FB}.Ad-Hoc|Any CPU.Deploy.0 = Debug|Any CPU
		{20321374-67F2-4ACC-B751-22301E8BE0FB}.Ad-Hoc|iPhone.ActiveCfg = Debug|Any CPU
		{20321374-67F2-4ACC-B751-22301E8BE0FB}.Ad-Hoc|iPhone.Build.0 = Debug|Any CPU
		{20321374-67F2-4ACC-B751-22301E8BE0FB}.Ad-Hoc|iPhone.Deploy.0 = Debug|Any CPU
		{20321374-67F2-4ACC-B751-22301E8BE0FB}.Ad-Hoc|iPhoneSimulator.ActiveCfg = Debug|Any CPU
		{20321374-67F2-4ACC-B751-22301E8BE0FB}.Ad-Hoc|iPhoneSimulator.Build.0 = Debug|Any CPU
		{20321374-67F2-4ACC-B751-22301E8BE0FB}.Ad-Hoc|iPhoneSimulator.Deploy.0 = Debug|Any CPU
		{20321374-67F2-4ACC-B751-22301E8BE0FB}.AppStore|Any CPU.ActiveCfg = Debug|Any CPU
		{20321374-67F2-4ACC-B751-22301E8BE0FB}.AppStore|Any CPU.Build.0 = Debug|Any CPU
		{20321374-67F2-4ACC-B751-22301E8BE0FB}.AppStore|Any CPU.Deploy.0 = Debug|Any CPU
		{20321374-67F2-4ACC-B751-22301E8BE0FB}.AppStore|iPhone.ActiveCfg = Debug|Any CPU
		{20321374-67F2-4ACC-B751-22301E8BE0FB}.AppStore|iPhone.Build.0 = Debug|Any CPU
		{20321374-67F2-4ACC-B751-22301E8BE0FB}.AppStore|iPhone.Deploy.0 = Debug|Any CPU
		{20321374-67F2-4ACC-B751-22301E8BE0FB}.AppStore|iPhoneSimulator.ActiveCfg = Debug|Any CPU
		{20321374-67F2-4ACC-B751-22301E8BE0FB}.AppStore|iPhoneSimulator.Build.0 = Debug|Any CPU
		{20321374-67F2-4ACC-B751-22301E8BE0FB}.AppStore|iPhoneSimulator.Deploy.0 = Debug|Any CPU
		{20321374-67F2-4ACC-B751-22301E8BE0FB}.Debug|Any CPU.ActiveCfg = Debug|Any CPU
		{20321374-67F2-4ACC-B751-22301E8BE0FB}.Debug|Any CPU.Build.0 = Debug|Any CPU
		{20321374-67F2-4ACC-B751-22301E8BE0FB}.Debug|Any CPU.Deploy.0 = Debug|Any CPU
		{20321374-67F2-4ACC-B751-22301E8BE0FB}.Debug|iPhone.ActiveCfg = Debug|Any CPU
		{20321374-67F2-4ACC-B751-22301E8BE0FB}.Debug|iPhone.Build.0 = Debug|Any CPU
		{20321374-67F2-4ACC-B751-22301E8BE0FB}.Debug|iPhone.Deploy.0 = Debug|Any CPU
		{20321374-67F2-4ACC-B751-22301E8BE0FB}.Debug|iPhoneSimulator.ActiveCfg = Debug|Any CPU
		{20321374-67F2-4ACC-B751-22301E8BE0FB}.Debug|iPhoneSimulator.Build.0 = Debug|Any CPU
		{20321374-67F2-4ACC-B751-22301E8BE0FB}.Debug|iPhoneSimulator.Deploy.0 = Debug|Any CPU
		{20321374-67F2-4ACC-B751-22301E8BE0FB}.Release|Any CPU.ActiveCfg = Release|Any CPU
		{20321374-67F2-4ACC-B751-22301E8BE0FB}.Release|Any CPU.Build.0 = Release|Any CPU
		{20321374-67F2-4ACC-B751-22301E8BE0FB}.Release|Any CPU.Deploy.0 = Release|Any CPU
		{20321374-67F2-4ACC-B751-22301E8BE0FB}.Release|iPhone.ActiveCfg = Release|Any CPU
		{20321374-67F2-4ACC-B751-22301E8BE0FB}.Release|iPhone.Build.0 = Release|Any CPU
		{20321374-67F2-4ACC-B751-22301E8BE0FB}.Release|iPhone.Deploy.0 = Release|Any CPU
		{20321374-67F2-4ACC-B751-22301E8BE0FB}.Release|iPhoneSimulator.ActiveCfg = Release|Any CPU
		{20321374-67F2-4ACC-B751-22301E8BE0FB}.Release|iPhoneSimulator.Build.0 = Release|Any CPU
		{20321374-67F2-4ACC-B751-22301E8BE0FB}.Release|iPhoneSimulator.Deploy.0 = Release|Any CPU
		{6BBF38F0-8ACF-4459-B604-6965B88D97F0}.Ad-Hoc|Any CPU.ActiveCfg = Ad-Hoc|iPhoneSimulator
		{6BBF38F0-8ACF-4459-B604-6965B88D97F0}.Ad-Hoc|Any CPU.Build.0 = Ad-Hoc|iPhoneSimulator
		{6BBF38F0-8ACF-4459-B604-6965B88D97F0}.Ad-Hoc|iPhone.ActiveCfg = Ad-Hoc|iPhone
		{6BBF38F0-8ACF-4459-B604-6965B88D97F0}.Ad-Hoc|iPhone.Build.0 = Ad-Hoc|iPhone
		{6BBF38F0-8ACF-4459-B604-6965B88D97F0}.Ad-Hoc|iPhoneSimulator.ActiveCfg = Ad-Hoc|iPhoneSimulator
		{6BBF38F0-8ACF-4459-B604-6965B88D97F0}.Ad-Hoc|iPhoneSimulator.Build.0 = Ad-Hoc|iPhoneSimulator
		{6BBF38F0-8ACF-4459-B604-6965B88D97F0}.AppStore|Any CPU.ActiveCfg = AppStore|iPhoneSimulator
		{6BBF38F0-8ACF-4459-B604-6965B88D97F0}.AppStore|Any CPU.Build.0 = AppStore|iPhoneSimulator
		{6BBF38F0-8ACF-4459-B604-6965B88D97F0}.AppStore|iPhone.ActiveCfg = AppStore|iPhone
		{6BBF38F0-8ACF-4459-B604-6965B88D97F0}.AppStore|iPhone.Build.0 = AppStore|iPhone
		{6BBF38F0-8ACF-4459-B604-6965B88D97F0}.AppStore|iPhoneSimulator.ActiveCfg = AppStore|iPhoneSimulator
		{6BBF38F0-8ACF-4459-B604-6965B88D97F0}.AppStore|iPhoneSimulator.Build.0 = AppStore|iPhoneSimulator
		{6BBF38F0-8ACF-4459-B604-6965B88D97F0}.Debug|Any CPU.ActiveCfg = Debug|iPhoneSimulator
		{6BBF38F0-8ACF-4459-B604-6965B88D97F0}.Debug|Any CPU.Build.0 = Debug|iPhoneSimulator
		{6BBF38F0-8ACF-4459-B604-6965B88D97F0}.Debug|iPhone.ActiveCfg = Debug|iPhone
		{6BBF38F0-8ACF-4459-B604-6965B88D97F0}.Debug|iPhone.Build.0 = Debug|iPhone
		{6BBF38F0-8ACF-4459-B604-6965B88D97F0}.Debug|iPhoneSimulator.ActiveCfg = Debug|iPhoneSimulator
		{6BBF38F0-8ACF-4459-B604-6965B88D97F0}.Debug|iPhoneSimulator.Build.0 = Debug|iPhoneSimulator
		{6BBF38F0-8ACF-4459-B604-6965B88D97F0}.Release|Any CPU.ActiveCfg = Release|iPhoneSimulator
		{6BBF38F0-8ACF-4459-B604-6965B88D97F0}.Release|Any CPU.Build.0 = Release|iPhoneSimulator
		{6BBF38F0-8ACF-4459-B604-6965B88D97F0}.Release|iPhone.ActiveCfg = Release|iPhone
		{6BBF38F0-8ACF-4459-B604-6965B88D97F0}.Release|iPhone.Build.0 = Release|iPhone
		{6BBF38F0-8ACF-4459-B604-6965B88D97F0}.Release|iPhoneSimulator.ActiveCfg = Release|iPhoneSimulator
		{6BBF38F0-8ACF-4459-B604-6965B88D97F0}.Release|iPhoneSimulator.Build.0 = Release|iPhoneSimulator
	EndGlobalSection
	GlobalSection(SolutionProperties) = preSolution
		HideSolutionNode = FALSE
	EndGlobalSection
	GlobalSection(ExtensibilityGlobals) = postSolution
		SolutionGuid = {53D155FE-9C2B-42D7-808F-516FCA7937A0}
	EndGlobalSection
EndGlobal
