
Microsoft Visual Studio Solution File, Format Version 12.00
# Visual Studio Version 17
VisualStudioVersion = 17.2.32516.85
MinimumVisualStudioVersion = 10.0.40219.1
Project("{9A19103F-16F7-4668-BE54-9A1E7A4F7556}") = "OnTen.Common", "OnTen.Common\OnTen.Common.csproj", "{C2D93C60-165A-4C1F-8526-8CCFF56508BB}"
EndProject
Project("{9A19103F-16F7-4668-BE54-9A1E7A4F7556}") = "OnTen.Web", "OnTen.Web\OnTen.Web.csproj", "{7DC7EBF7-B680-4CDC-B992-B8E4EA1D778C}"
EndProject
Global
	GlobalSection(SolutionConfigurationPlatforms) = preSolution
		Debug|Any CPU = Debug|Any CPU
		Release|Any CPU = Release|Any CPU
	EndGlobalSection
	GlobalSection(ProjectConfigurationPlatforms) = postSolution
		{C2D93C60-165A-4C1F-8526-8CCFF56508BB}.Debug|Any CPU.ActiveCfg = Debug|Any CPU
		{C2D93C60-165A-4C1F-8526-8CCFF56508BB}.Debug|Any CPU.Build.0 = Debug|Any CPU
		{C2D93C60-165A-4C1F-8526-8CCFF56508BB}.Release|Any CPU.ActiveCfg = Release|Any CPU
		{C2D93C60-165A-4C1F-8526-8CCFF56508BB}.Release|Any CPU.Build.0 = Release|Any CPU
		{7DC7EBF7-B680-4CDC-B992-B8E4EA1D778C}.Debug|Any CPU.ActiveCfg = Debug|Any CPU
		{7DC7EBF7-B680-4CDC-B992-B8E4EA1D778C}.Debug|Any CPU.Build.0 = Debug|Any CPU
		{7DC7EBF7-B680-4CDC-B992-B8E4EA1D778C}.Release|Any CPU.ActiveCfg = Release|Any CPU
		{7DC7EBF7-B680-4CDC-B992-B8E4EA1D778C}.Release|Any CPU.Build.0 = Release|Any CPU
	EndGlobalSection
	GlobalSection(SolutionProperties) = preSolution
		HideSolutionNode = FALSE
	EndGlobalSection
	GlobalSection(ExtensibilityGlobals) = postSolution
		SolutionGuid = {53D155FE-9C2B-42D7-808F-516FCA7937A0}
	EndGlobalSection
EndGlobal
